
Microsoft Visual Studio Solution File, Format Version 12.00
# Visual Studio Version 17
VisualStudioVersion = 17.0.32014.148
MinimumVisualStudioVersion = 10.0.40219.1
Project("{2150E333-8FDC-42A3-9474-1A3956D46DE8}") = "Services", "Services", "{6362FECF-0F57-4554-A1D6-F0E196126A80}"
EndProject
Project("{2150E333-8FDC-42A3-9474-1A3956D46DE8}") = "Catelog", "Catelog", "{44D246B5-9C88-4045-95A2-717F94EB3560}"
EndProject
Project("{FAE04EC0-301F-11D3-BF4B-00C04F79EFBC}") = "Catelog.API", "Services\Catelog\Catelog.API\Catelog.API.csproj", "{95BBB230-C0F4-4C75-BC94-8961371A404F}"
EndProject
Global
	GlobalSection(SolutionConfigurationPlatforms) = preSolution
		Debug|Any CPU = Debug|Any CPU
		Release|Any CPU = Release|Any CPU
	EndGlobalSection
	GlobalSection(ProjectConfigurationPlatforms) = postSolution
		{95BBB230-C0F4-4C75-BC94-8961371A404F}.Debug|Any CPU.ActiveCfg = Debug|Any CPU
		{95BBB230-C0F4-4C75-BC94-8961371A404F}.Debug|Any CPU.Build.0 = Debug|Any CPU
		{95BBB230-C0F4-4C75-BC94-8961371A404F}.Release|Any CPU.ActiveCfg = Release|Any CPU
		{95BBB230-C0F4-4C75-BC94-8961371A404F}.Release|Any CPU.Build.0 = Release|Any CPU
	EndGlobalSection
	GlobalSection(SolutionProperties) = preSolution
		HideSolutionNode = FALSE
	EndGlobalSection
	GlobalSection(NestedProjects) = preSolution
		{44D246B5-9C88-4045-95A2-717F94EB3560} = {6362FECF-0F57-4554-A1D6-F0E196126A80}
		{95BBB230-C0F4-4C75-BC94-8961371A404F} = {44D246B5-9C88-4045-95A2-717F94EB3560}
	EndGlobalSection
	GlobalSection(ExtensibilityGlobals) = postSolution
		SolutionGuid = {7B073C08-8B14-41B6-BD11-AB3F0EDEC387}
	EndGlobalSection
EndGlobal
